
Microsoft Visual Studio Solution File, Format Version 12.00
# Visual Studio Version 17
VisualStudioVersion = 17.7.34024.191
MinimumVisualStudioVersion = 10.0.40219.1
Project("{FAE04EC0-301F-11D3-BF4B-00C04F79EFBC}") = "ЛР2_2", "ЛР2_2\ЛР2_2.csproj", "{A7ED37AD-1EBA-4099-A4D5-AF94B008371E}"
EndProject
Global
	GlobalSection(SolutionConfigurationPlatforms) = preSolution
		Debug|Any CPU = Debug|Any CPU
		Release|Any CPU = Release|Any CPU
	EndGlobalSection
	GlobalSection(ProjectConfigurationPlatforms) = postSolution
		{A7ED37AD-1EBA-4099-A4D5-AF94B008371E}.Debug|Any CPU.ActiveCfg = Debug|Any CPU
		{A7ED37AD-1EBA-4099-A4D5-AF94B008371E}.Debug|Any CPU.Build.0 = Debug|Any CPU
		{A7ED37AD-1EBA-4099-A4D5-AF94B008371E}.Release|Any CPU.ActiveCfg = Release|Any CPU
		{A7ED37AD-1EBA-4099-A4D5-AF94B008371E}.Release|Any CPU.Build.0 = Release|Any CPU
	EndGlobalSection
	GlobalSection(SolutionProperties) = preSolution
		HideSolutionNode = FALSE
	EndGlobalSection
	GlobalSection(ExtensibilityGlobals) = postSolution
		SolutionGuid = {09FBCF4B-F301-40C3-A7DE-D9B7680406C4}
	EndGlobalSection
EndGlobal
